
Microsoft Visual Studio Solution File, Format Version 12.00
# Visual Studio 2012
Project("{FAE04EC0-301F-11D3-BF4B-00C04F79EFBC}") = "TipCalculator", "TipCalculator\TipCalculator.csproj", "{87B5FB6E-887A-4F62-90F7-B8E613D0D15F}"
EndProject
Global
	GlobalSection(SolutionConfigurationPlatforms) = preSolution
		Debug|iPhoneSimulator = Debug|iPhoneSimulator
		Release|iPhone = Release|iPhone
		Release|iPhoneSimulator = Release|iPhoneSimulator
		Debug|iPhone = Debug|iPhone
	EndGlobalSection
	GlobalSection(ProjectConfigurationPlatforms) = postSolution
		{87B5FB6E-887A-4F62-90F7-B8E613D0D15F}.Debug|iPhone.ActiveCfg = Debug|iPhone
		{87B5FB6E-887A-4F62-90F7-B8E613D0D15F}.Debug|iPhone.Build.0 = Debug|iPhone
		{87B5FB6E-887A-4F62-90F7-B8E613D0D15F}.Debug|iPhoneSimulator.ActiveCfg = Debug|iPhoneSimulator
		{87B5FB6E-887A-4F62-90F7-B8E613D0D15F}.Debug|iPhoneSimulator.Build.0 = Debug|iPhoneSimulator
		{87B5FB6E-887A-4F62-90F7-B8E613D0D15F}.Release|iPhone.ActiveCfg = Release|iPhone
		{87B5FB6E-887A-4F62-90F7-B8E613D0D15F}.Release|iPhone.Build.0 = Release|iPhone
		{87B5FB6E-887A-4F62-90F7-B8E613D0D15F}.Release|iPhoneSimulator.ActiveCfg = Release|iPhoneSimulator
		{87B5FB6E-887A-4F62-90F7-B8E613D0D15F}.Release|iPhoneSimulator.Build.0 = Release|iPhoneSimulator
	EndGlobalSection
EndGlobal
